<?xml version="1.0" encoding="utf-8"?>
<Project ToolsVersion="4.0" xmlns="http://schemas.microsoft.com/developer/msbuild/2003">
  <ItemGroup>
    <ClCompile Include="dllmain.cpp" />
    <ClCompile Include="stdafx.cpp" />
    <ClCompile Include="bm\base64.cpp">
      <Filter>bm</Filter>
    </ClCompile>
    <ClCompile Include="bm\hqueue.cpp">
      <Filter>bm</Filter>
    </ClCompile>
    <ClCompile Include="bm\linked_list.cpp">
      <Filter>bm</Filter>
    </ClCompile>
    <ClCompile Include="onvif\onvif.cpp">
      <Filter>onvif</Filter>
    </ClCompile>
    <ClCompile Include="onvif\onvif_act.cpp">
      <Filter>onvif</Filter>
    </ClCompile>
    <ClCompile Include="onvif\onvif_api.cpp">
      <Filter>onvif</Filter>
    </ClCompile>
    <ClCompile Include="onvif\onvif_cln.cpp">
      <Filter>onvif</Filter>
    </ClCompile>
    <ClCompile Include="onvif\onvif_cm.cpp">
      <Filter>onvif</Filter>
    </ClCompile>
    <ClCompile Include="onvif\onvif_event.cpp">
      <Filter>onvif</Filter>
    </ClCompile>
    <ClCompile Include="onvif\onvif_pkt.cpp">
      <Filter>onvif</Filter>
    </ClCompile>
    <ClCompile Include="onvif\onvif_probe.cpp">
      <Filter>onvif</Filter>
    </ClCompile>
    <ClCompile Include="onvif\onvif_utils.cpp">
      <Filter>onvif</Filter>
    </ClCompile>
    <ClCompile Include="bm\ppstack.cpp">
      <Filter>bm</Filter>
    </ClCompile>
    <ClCompile Include="bm\rfc_md5.cpp">
      <Filter>bm</Filter>
    </ClCompile>
    <ClCompile Include="bm\sha1.cpp">
      <Filter>bm</Filter>
    </ClCompile>
    <ClCompile Include="bm\sys_buf.cpp">
      <Filter>bm</Filter>
    </ClCompile>
    <ClCompile Include="bm\sys_log.cpp">
      <Filter>bm</Filter>
    </ClCompile>
    <ClCompile Include="bm\sys_os.cpp">
      <Filter>bm</Filter>
    </ClCompile>
    <ClCompile Include="bm\util.cpp">
      <Filter>bm</Filter>
    </ClCompile>
    <ClCompile Include="bm\word_analyse.cpp">
      <Filter>bm</Filter>
    </ClCompile>
    <ClCompile Include="onvif\soap.cpp">
      <Filter>onvif</Filter>
    </ClCompile>
    <ClCompile Include="onvif\soap_parser.cpp">
      <Filter>onvif</Filter>
    </ClCompile>
    <ClCompile Include="bm\hxml.cpp">
      <Filter>bm</Filter>
    </ClCompile>
    <ClCompile Include="bm\xml_node.cpp">
      <Filter>bm</Filter>
    </ClCompile>
    <ClCompile Include="http\http_cln.cpp">
      <Filter>http</Filter>
    </ClCompile>
    <ClCompile Include="http\http_parse.cpp">
      <Filter>http</Filter>
    </ClCompile>
    <ClCompile Include="http\http_srv.cpp">
      <Filter>http</Filter>
    </ClCompile>
    <ClCompile Include="onvif\onvif_http.cpp">
      <Filter>onvif</Filter>
    </ClCompile>
    <ClCompile Include="bm\sha256.cpp">
      <Filter>bm</Filter>
    </ClCompile>
    <ClCompile Include="bm\net_util.cpp">
      <Filter>bm</Filter>
    </ClCompile>
    <ClCompile Include="bm\ws.cpp">
      <Filter>bm</Filter>
    </ClCompile>
  </ItemGroup>
  <ItemGroup>
    <ClInclude Include="stdafx.h" />
    <ClInclude Include="bm\hqueue.h">
      <Filter>bm</Filter>
    </ClInclude>
    <ClInclude Include="bm\linked_list.h">
      <Filter>bm</Filter>
    </ClInclude>
    <ClInclude Include="onvif\onvif.h">
      <Filter>onvif</Filter>
    </ClInclude>
    <ClInclude Include="onvif\onvif_act.h">
      <Filter>onvif</Filter>
    </ClInclude>
    <ClInclude Include="onvif\onvif_api.h">
      <Filter>onvif</Filter>
    </ClInclude>
    <ClInclude Include="onvif\onvif_cln.h">
      <Filter>onvif</Filter>
    </ClInclude>
    <ClInclude Include="onvif\onvif_cm.h">
      <Filter>onvif</Filter>
    </ClInclude>
    <ClInclude Include="onvif\onvif_event.h">
      <Filter>onvif</Filter>
    </ClInclude>
    <ClInclude Include="onvif\onvif_pkt.h">
      <Filter>onvif</Filter>
    </ClInclude>
    <ClInclude Include="onvif\onvif_probe.h">
      <Filter>onvif</Filter>
    </ClInclude>
    <ClInclude Include="onvif\onvif_req.h">
      <Filter>onvif</Filter>
    </ClInclude>
    <ClInclude Include="onvif\onvif_res.h">
      <Filter>onvif</Filter>
    </ClInclude>
    <ClInclude Include="onvif\onvif_utils.h">
      <Filter>onvif</Filter>
    </ClInclude>
    <ClInclude Include="bm\ppstack.h">
      <Filter>bm</Filter>
    </ClInclude>
    <ClInclude Include="bm\rfc_md5.h">
      <Filter>bm</Filter>
    </ClInclude>
    <ClInclude Include="bm\sha1.h">
      <Filter>bm</Filter>
    </ClInclude>
    <ClInclude Include="bm\sys_buf.h">
      <Filter>bm</Filter>
    </ClInclude>
    <ClInclude Include="bm\sys_inc.h">
      <Filter>bm</Filter>
    </ClInclude>
    <ClInclude Include="bm\sys_log.h">
      <Filter>bm</Filter>
    </ClInclude>
    <ClInclude Include="bm\util.h">
      <Filter>bm</Filter>
    </ClInclude>
    <ClInclude Include="bm\word_analyse.h">
      <Filter>bm</Filter>
    </ClInclude>
    <ClInclude Include="onvif\soap.h">
      <Filter>onvif</Filter>
    </ClInclude>
    <ClInclude Include="onvif\soap_parser.h">
      <Filter>onvif</Filter>
    </ClInclude>
    <ClInclude Include="bm\hxml.h">
      <Filter>bm</Filter>
    </ClInclude>
    <ClInclude Include="bm\xml_node.h">
      <Filter>bm</Filter>
    </ClInclude>
    <ClInclude Include="http\http.h">
      <Filter>http</Filter>
    </ClInclude>
    <ClInclude Include="http\http_cln.h">
      <Filter>http</Filter>
    </ClInclude>
    <ClInclude Include="http\http_srv.h">
      <Filter>http</Filter>
    </ClInclude>
  </ItemGroup>
  <ItemGroup>
    <Filter Include="bm">
      <UniqueIdentifier>{78939c3d-2ccb-4538-a1fc-160384029ed9}</UniqueIdentifier>
    </Filter>
    <Filter Include="onvif">
      <UniqueIdentifier>{0def68cc-d323-4092-a3bd-ee57f6e3124a}</UniqueIdentifier>
    </Filter>
    <Filter Include="http">
      <UniqueIdentifier>{f7c4b765-d127-4d4b-95c3-93ce87e24761}</UniqueIdentifier>
    </Filter>
  </ItemGroup>
</Project>